
Microsoft Visual Studio Solution File, Format Version 12.00
# Visual Studio Version 17
VisualStudioVersion = 17.0.31903.59
MinimumVisualStudioVersion = 10.0.40219.1
Project("{FAE04EC0-301F-11D3-BF4B-00C04F79EFBC}") = "MediumClone.Web", "MediumClone.Web\MediumClone.Web.csproj", "{77633AC6-5575-471D-AB7F-6F7AC480DFCF}"
EndProject
Project("{FAE04EC0-301F-11D3-BF4B-00C04F79EFBC}") = "MediumClone.Data", "MediumClone.Data\MediumClone.Data.csproj", "{064A959F-52B7-4714-BAD6-9B3793956C1A}"
EndProject
Project("{FAE04EC0-301F-11D3-BF4B-00C04F79EFBC}") = "MediumClone.Core", "MediumClone.Core\MediumClone.Core.csproj", "{99B80F56-4250-470C-9EAA-F101CBFD4450}"
EndProject
Project("{FAE04EC0-301F-11D3-BF4B-00C04F79EFBC}") = "MediumClone.Entity", "MediumClone.Entity\MediumClone.Entity.csproj", "{12A23AA3-FD10-4EAC-BEB9-EC3E50271A5F}"
EndProject
Project("{FAE04EC0-301F-11D3-BF4B-00C04F79EFBC}") = "MediumClone.Service", "MediumClone.Service\MediumClone.Service.csproj", "{0810EDAD-CB62-4044-940E-C68FC6CD67E2}"
EndProject
Global
	GlobalSection(SolutionConfigurationPlatforms) = preSolution
		Debug|Any CPU = Debug|Any CPU
		Release|Any CPU = Release|Any CPU
	EndGlobalSection
	GlobalSection(SolutionProperties) = preSolution
		HideSolutionNode = FALSE
	EndGlobalSection
	GlobalSection(ProjectConfigurationPlatforms) = postSolution
		{77633AC6-5575-471D-AB7F-6F7AC480DFCF}.Debug|Any CPU.ActiveCfg = Debug|Any CPU
		{77633AC6-5575-471D-AB7F-6F7AC480DFCF}.Debug|Any CPU.Build.0 = Debug|Any CPU
		{77633AC6-5575-471D-AB7F-6F7AC480DFCF}.Release|Any CPU.ActiveCfg = Release|Any CPU
		{77633AC6-5575-471D-AB7F-6F7AC480DFCF}.Release|Any CPU.Build.0 = Release|Any CPU
		{064A959F-52B7-4714-BAD6-9B3793956C1A}.Debug|Any CPU.ActiveCfg = Debug|Any CPU
		{064A959F-52B7-4714-BAD6-9B3793956C1A}.Debug|Any CPU.Build.0 = Debug|Any CPU
		{064A959F-52B7-4714-BAD6-9B3793956C1A}.Release|Any CPU.ActiveCfg = Release|Any CPU
		{064A959F-52B7-4714-BAD6-9B3793956C1A}.Release|Any CPU.Build.0 = Release|Any CPU
		{99B80F56-4250-470C-9EAA-F101CBFD4450}.Debug|Any CPU.ActiveCfg = Debug|Any CPU
		{99B80F56-4250-470C-9EAA-F101CBFD4450}.Debug|Any CPU.Build.0 = Debug|Any CPU
		{99B80F56-4250-470C-9EAA-F101CBFD4450}.Release|Any CPU.ActiveCfg = Release|Any CPU
		{99B80F56-4250-470C-9EAA-F101CBFD4450}.Release|Any CPU.Build.0 = Release|Any CPU
		{12A23AA3-FD10-4EAC-BEB9-EC3E50271A5F}.Debug|Any CPU.ActiveCfg = Debug|Any CPU
		{12A23AA3-FD10-4EAC-BEB9-EC3E50271A5F}.Debug|Any CPU.Build.0 = Debug|Any CPU
		{12A23AA3-FD10-4EAC-BEB9-EC3E50271A5F}.Release|Any CPU.ActiveCfg = Release|Any CPU
		{12A23AA3-FD10-4EAC-BEB9-EC3E50271A5F}.Release|Any CPU.Build.0 = Release|Any CPU
		{0810EDAD-CB62-4044-940E-C68FC6CD67E2}.Debug|Any CPU.ActiveCfg = Debug|Any CPU
		{0810EDAD-CB62-4044-940E-C68FC6CD67E2}.Debug|Any CPU.Build.0 = Debug|Any CPU
		{0810EDAD-CB62-4044-940E-C68FC6CD67E2}.Release|Any CPU.ActiveCfg = Release|Any CPU
		{0810EDAD-CB62-4044-940E-C68FC6CD67E2}.Release|Any CPU.Build.0 = Release|Any CPU
	EndGlobalSection
EndGlobal
