
Microsoft Visual Studio Solution File, Format Version 12.00
# Visual Studio Version 17
VisualStudioVersion = 17.0.31903.59
MinimumVisualStudioVersion = 10.0.40219.1
Project("{FAE04EC0-301F-11D3-BF4B-00C04F79EFBC}") = "Medium", "Medium\Medium.csproj", "{6DC21AA4-2B78-4ACB-83BA-721D5B3ABFED}"
EndProject
Global
	GlobalSection(SolutionConfigurationPlatforms) = preSolution
		Debug|Any CPU = Debug|Any CPU
		Release|Any CPU = Release|Any CPU
	EndGlobalSection
	GlobalSection(SolutionProperties) = preSolution
		HideSolutionNode = FALSE
	EndGlobalSection
	GlobalSection(ProjectConfigurationPlatforms) = postSolution
		{6DC21AA4-2B78-4ACB-83BA-721D5B3ABFED}.Debug|Any CPU.ActiveCfg = Debug|Any CPU
		{6DC21AA4-2B78-4ACB-83BA-721D5B3ABFED}.Debug|Any CPU.Build.0 = Debug|Any CPU
		{6DC21AA4-2B78-4ACB-83BA-721D5B3ABFED}.Release|Any CPU.ActiveCfg = Release|Any CPU
		{6DC21AA4-2B78-4ACB-83BA-721D5B3ABFED}.Release|Any CPU.Build.0 = Release|Any CPU
	EndGlobalSection
EndGlobal
